
Microsoft Visual Studio Solution File, Format Version 12.00
# Visual Studio 15
VisualStudioVersion = 15.0.27703.2042
MinimumVisualStudioVersion = 10.0.40219.1
Project("{FAE04EC0-301F-11D3-BF4B-00C04F79EFBC}") = "ECommerce.Web", "ECommerce.Web\ECommerce.Web.csproj", "{FE1CEAA8-F75F-44A1-ACD9-46D5A8B75A33}"
	ProjectSection(ProjectDependencies) = postProject
		{7E1727A4-B4AF-4F79-88BA-8D4C3B359672} = {7E1727A4-B4AF-4F79-88BA-8D4C3B359672}
		{AD4D4DF8-76E3-4A29-AE6E-01710F206889} = {AD4D4DF8-76E3-4A29-AE6E-01710F206889}
	EndProjectSection
EndProject
Project("{FAE04EC0-301F-11D3-BF4B-00C04F79EFBC}") = "ECommerce.Data", "ECommerce.Data\ECommerce.Data.csproj", "{AD4D4DF8-76E3-4A29-AE6E-01710F206889}"
EndProject
Project("{FAE04EC0-301F-11D3-BF4B-00C04F79EFBC}") = "ECommerce.Services", "ECommerce.Services\ECommerce.Services.csproj", "{7E1727A4-B4AF-4F79-88BA-8D4C3B359672}"
	ProjectSection(ProjectDependencies) = postProject
		{AD4D4DF8-76E3-4A29-AE6E-01710F206889} = {AD4D4DF8-76E3-4A29-AE6E-01710F206889}
	EndProjectSection
EndProject
Project("{FAE04EC0-301F-11D3-BF4B-00C04F79EFBC}") = "ECommerce.Web.Admin", "ECommerce.Web.Admin\ECommerce.Web.Admin.csproj", "{81BC7777-3621-42BF-843D-61E62CBD8596}"
EndProject
Global
	GlobalSection(SolutionConfigurationPlatforms) = preSolution
		Debug|Any CPU = Debug|Any CPU
		Release|Any CPU = Release|Any CPU
	EndGlobalSection
	GlobalSection(ProjectConfigurationPlatforms) = postSolution
		{FE1CEAA8-F75F-44A1-ACD9-46D5A8B75A33}.Debug|Any CPU.ActiveCfg = Debug|Any CPU
		{FE1CEAA8-F75F-44A1-ACD9-46D5A8B75A33}.Debug|Any CPU.Build.0 = Debug|Any CPU
		{FE1CEAA8-F75F-44A1-ACD9-46D5A8B75A33}.Release|Any CPU.ActiveCfg = Release|Any CPU
		{FE1CEAA8-F75F-44A1-ACD9-46D5A8B75A33}.Release|Any CPU.Build.0 = Release|Any CPU
		{AD4D4DF8-76E3-4A29-AE6E-01710F206889}.Debug|Any CPU.ActiveCfg = Debug|Any CPU
		{AD4D4DF8-76E3-4A29-AE6E-01710F206889}.Debug|Any CPU.Build.0 = Debug|Any CPU
		{AD4D4DF8-76E3-4A29-AE6E-01710F206889}.Release|Any CPU.ActiveCfg = Release|Any CPU
		{AD4D4DF8-76E3-4A29-AE6E-01710F206889}.Release|Any CPU.Build.0 = Release|Any CPU
		{7E1727A4-B4AF-4F79-88BA-8D4C3B359672}.Debug|Any CPU.ActiveCfg = Debug|Any CPU
		{7E1727A4-B4AF-4F79-88BA-8D4C3B359672}.Debug|Any CPU.Build.0 = Debug|Any CPU
		{7E1727A4-B4AF-4F79-88BA-8D4C3B359672}.Release|Any CPU.ActiveCfg = Release|Any CPU
		{7E1727A4-B4AF-4F79-88BA-8D4C3B359672}.Release|Any CPU.Build.0 = Release|Any CPU
		{81BC7777-3621-42BF-843D-61E62CBD8596}.Debug|Any CPU.ActiveCfg = Debug|Any CPU
		{81BC7777-3621-42BF-843D-61E62CBD8596}.Debug|Any CPU.Build.0 = Debug|Any CPU
		{81BC7777-3621-42BF-843D-61E62CBD8596}.Release|Any CPU.ActiveCfg = Release|Any CPU
		{81BC7777-3621-42BF-843D-61E62CBD8596}.Release|Any CPU.Build.0 = Release|Any CPU
	EndGlobalSection
	GlobalSection(SolutionProperties) = preSolution
		HideSolutionNode = FALSE
	EndGlobalSection
	GlobalSection(ExtensibilityGlobals) = postSolution
		SolutionGuid = {694DEA79-B1DB-4825-A5D0-3D401A3BC0BC}
	EndGlobalSection
EndGlobal
